
Microsoft Visual Studio Solution File, Format Version 12.00
# Visual Studio Version 17
VisualStudioVersion = 17.0.31903.59
MinimumVisualStudioVersion = 10.0.40219.1
Project("{9A19103F-16F7-4668-BE54-9A1E7A4F7556}") = "ITS.DIQU.MicroServizi.SharedClass", "..\ITS.DIQU.MicroServizi.SharedClass\ITS.DIQU.MicroServizi.SharedClass\ITS.DIQU.MicroServizi.SharedClass.csproj", "{40A35B67-B24F-4A56-A99A-C2E713486744}"
EndProject
Project("{FAE04EC0-301F-11D3-BF4B-00C04F79EFBC}") = "ITS.DIQU.MicroServivzi.Consumer.App", "ITS.DIQU.MicroServivzi.Consumer.App\ITS.DIQU.MicroServivzi.Consumer.App.csproj", "{E5C17266-BE1A-4A53-854E-3A6EDDD955F8}"
	ProjectSection(ProjectDependencies) = postProject
		{40A35B67-B24F-4A56-A99A-C2E713486744} = {40A35B67-B24F-4A56-A99A-C2E713486744}
	EndProjectSection
EndProject
Global
	GlobalSection(SolutionConfigurationPlatforms) = preSolution
		Debug|Any CPU = Debug|Any CPU
		Release|Any CPU = Release|Any CPU
	EndGlobalSection
	GlobalSection(ProjectConfigurationPlatforms) = postSolution
		{40A35B67-B24F-4A56-A99A-C2E713486744}.Debug|Any CPU.ActiveCfg = Debug|Any CPU
		{40A35B67-B24F-4A56-A99A-C2E713486744}.Debug|Any CPU.Build.0 = Debug|Any CPU
		{40A35B67-B24F-4A56-A99A-C2E713486744}.Release|Any CPU.ActiveCfg = Release|Any CPU
		{40A35B67-B24F-4A56-A99A-C2E713486744}.Release|Any CPU.Build.0 = Release|Any CPU
		{E5C17266-BE1A-4A53-854E-3A6EDDD955F8}.Debug|Any CPU.ActiveCfg = Debug|Any CPU
		{E5C17266-BE1A-4A53-854E-3A6EDDD955F8}.Debug|Any CPU.Build.0 = Debug|Any CPU
		{E5C17266-BE1A-4A53-854E-3A6EDDD955F8}.Release|Any CPU.ActiveCfg = Release|Any CPU
		{E5C17266-BE1A-4A53-854E-3A6EDDD955F8}.Release|Any CPU.Build.0 = Release|Any CPU
	EndGlobalSection
	GlobalSection(SolutionProperties) = preSolution
		HideSolutionNode = FALSE
	EndGlobalSection
	GlobalSection(ExtensibilityGlobals) = postSolution
		SolutionGuid = {0BA6263D-34F8-4D0E-AFB7-ACD347030BCC}
	EndGlobalSection
EndGlobal
